PODS:
  - FDFullscreenPopGesture (1.1)
  - FLEX (2.4.0)
  - IQKeyboardManager (4.0.8)
  - Masonry (1.0.2)
  - MBProgressHUD (1.0.0)
  - SFHFKeychainUtils (0.0.1)
  - YYCategories (1.0.4):
    - YYCategories/no-arc (= 1.0.4)
  - YYCategories/no-arc (1.0.4)
  - YYModel (1.0.4)

DEPENDENCIES:
  - FDFullscreenPopGesture
  - FLEX (~> 2.0)
  - IQKeyboardManager
  - Masonry
  - MBProgressHUD
  - SFHFKeychainUtils
  - YYCategories
  - YYModel

SPEC CHECKSUMS:
  FDFullscreenPopGesture: a8a620179e3d9c40e8e00256dcee1c1a27c6d0f0
  FLEX: bd1a39e55b56bb413b6f1b34b3c10a0dc44ef079
  IQKeyboardManager: 1a8189fa153bf09044355ee0ad36826f6767e7f7
  Masonry: 7c429b56da9d4ee0bbb3ed77a5ea710d6a5df39e
  MBProgressHUD: 4890f671c94e8a0f3cf959aa731e9de2f036d71a
  SFHFKeychainUtils: 9576b411a79a058f4d5381ace6f3242b9a62e664
  YYCategories: 6bcd4314c6661a561410dce4a793379ebd306abd
  YYModel: 2a7fdd96aaa4b86a824e26d0c517de8928c04b30

PODFILE CHECKSUM: d4389820174208bb8f841e099efe102b0c0830dc

COCOAPODS: 1.1.1
